{
  "name": "wizdam/wizdam-platform",
  "version": "1.0.0",
  "lockfileVersion": 3,
  "requires": true,
  "packages": {
    "": {
      "name": "wizdam/wizdam-platform",
      "version": "1.0.0",
      "hasInstallScript": true,
      "devDependencies": {
        "tinymce": "^6.8.0"
      }
    },
    "node_modules/tinymce": {
      "version": "6.8.6",
      "resolved": "https://registry.npmjs.org/tinymce/-/tinymce-6.8.6.tgz",
      "integrity": "sha512-++XYEs8lKWvZxDCjrr8Baiw7KiikraZ5JkLMg6EdnUVNKJui0IsrAADj5MsyUeFkcEryfn2jd3p09H7REvewyg==",
      "dev": true,
      "license": "MIT"
    }
  }
}
